# This file is generated by running "yarn install" inside your project.
# Manual changes might be lost - proceed with caution!

__metadata:
  version: 8
  cacheKey: 10c0

"@system/core@workspace:packages/core":
  version: 0.0.0-use.local
  resolution: "@system/core@workspace:packages/core"
  languageName: unknown
  linkType: soft

"@types/node@npm:^25.0.3":
  version: 25.0.3
  resolution: "@types/node@npm:25.0.3"
  dependencies:
    undici-types: "npm:~7.16.0"
  checksum: 10c0/b7568f0d765d9469621615e2bb257c7fd1953d95e9acbdb58dffb6627a2c4150d405a4600aa1ad8a40182a94fe5f903cafd3c0a2f5132814debd0e3bfd61f835
  languageName: node
  linkType: hard

"system@workspace:.":
  version: 0.0.0-use.local
  resolution: "system@workspace:."
  dependencies:
    "@types/node": "npm:^25.0.3"
    typescript: "npm:^5.4.0"
  languageName: unknown
  linkType: soft

"typescript@npm:^5.4.0":
  version: 5.9.3
  resolution: "typescript@npm:5.9.3"
  bin:
    tsc: bin/tsc
    tsserver: bin/tsserver
  checksum: 10c0/6bd7552ce39f97e711db5aa048f6f9995b53f1c52f7d8667c1abdc1700c68a76a308f579cd309ce6b53646deb4e9a1be7c813a93baaf0a28ccd536a30270e1c5
  languageName: node
  linkType: hard

"typescript@patch:typescript@npm%3A^5.4.0#optional!builtin<compat/typescript>":
  version: 5.9.3
  resolution: "typescript@patch:typescript@npm%3A5.9.3#optional!builtin<compat/typescript>::version=5.9.3&hash=d69c25"
  bin:
    tsc: bin/tsc
    tsserver: bin/tsserver
  checksum: 10c0/6f7e53bf0d9702350deeb6f35e08b69cbc8b958c33e0ec77bdc0ad6a6c8e280f3959dcbfde6f5b0848bece57810696489deaaa53d75de3578ff255d168c1efbd
  languageName: node
  linkType: hard

"undici-types@npm:~7.16.0":
  version: 7.16.0
  resolution: "undici-types@npm:7.16.0"
  checksum: 10c0/3033e2f2b5c9f1504bdc5934646cb54e37ecaca0f9249c983f7b1fc2e87c6d18399ebb05dc7fd5419e02b2e915f734d872a65da2e3eeed1813951c427d33cc9a
  languageName: node
  linkType: hard
